// !$*UTF8*$!
{
	archiveVersion = 1;
	classes = {
	};
	objectVersion = 46;
	objects = {

/* Begin PBXBuildFile section */
		FD00ACC41ED183F800DB11E3 /* AppDelegate.swift in Sources */ = {isa = PBXBuildFile; fileRef = FD00ACC31ED183F800DB11E3 /* AppDelegate.swift */; };
		FD00ACC61ED183F800DB11E3 /* ViewController.swift in Sources */ = {isa = PBXBuildFile; fileRef = FD00ACC51ED183F800DB11E3 /* ViewController.swift */; };
		FD00ACC91ED183F800DB11E3 /* Main.storyboard in Resources */ = {isa = PBXBuildFile; fileRef = FD00ACC71ED183F800DB11E3 /* Main.storyboard */; };
		FD00ACCB1ED183F800DB11E3 /* Assets.xcassets in Resources */ = {isa = PBXBuildFile; fileRef = FD00ACCA1ED183F800DB11E3 /* Assets.xcassets */; };
		FD00ACCE1ED183F800DB11E3 /* LaunchScreen.storyboard in Resources */ = {isa = PBXBuildFile; fileRef = FD00ACCC1ED183F800DB11E3 /* LaunchScreen.storyboard */; };
		FD00ACD71ED1842700DB11E3 /* FirstTypeView.swift in Sources */ = {isa = PBXBuildFile; fileRef = FD00ACD61ED1842700DB11E3 /* FirstTypeView.swift */; };
		FD00ACD91ED1843100DB11E3 /* FirstTypeView.xib in Resources */ = {isa = PBXBuildFile; fileRef = FD00ACD81ED1843100DB11E3 /* FirstTypeView.xib */; };
		FD00ACDB1ED1EC3E00DB11E3 /* SecondTypeView.swift in Sources */ = {isa = PBXBuildFile; fileRef = FD00ACDA1ED1EC3E00DB11E3 /* SecondTypeView.swift */; };
		FD00ACDD1ED1EC4700DB11E3 /* SecondTypeView.xib in Resources */ = {isa = PBXBuildFile; fileRef = FD00ACDC1ED1EC4700DB11E3 /* SecondTypeView.xib */; };
		FD00ACDF1ED1EC7B00DB11E3 /* BaseView.swift in Sources */ = {isa = PBXBuildFile; fileRef = FD00ACDE1ED1EC7B00DB11E3 /* BaseView.swift */; };
		FD00ACE11ED1F0A800DB11E3 /* Nibloadable.swift in Sources */ = {isa = PBXBuildFile; fileRef = FD00ACE01ED1F0A800DB11E3 /* Nibloadable.swift */; };
/* End PBXBuildFile section */

/* Begin PBXFileReference section */
		FD00ACC01ED183F800DB11E3 /* 面向协议开发.app */ = {isa = PBXFileReference; explicitFileType = wrapper.application; includeInIndex = 0; path = "面向协议开发.app"; sourceTree = BUILT_PRODUCTS_DIR; };
		FD00ACC31ED183F800DB11E3 /* AppDelegate.swift */ = {isa = PBXFileReference; lastKnownFileType = sourcecode.swift; path = AppDelegate.swift; sourceTree = "<group>"; };
		FD00ACC51ED183F800DB11E3 /* ViewController.swift */ = {isa = PBXFileReference; lastKnownFileType = sourcecode.swift; path = ViewController.swift; sourceTree = "<group>"; };
		FD00ACC81ED183F800DB11E3 /* Base */ = {isa = PBXFileReference; lastKnownFileType = file.storyboard; name = Base; path = Base.lproj/Main.storyboard; sourceTree = "<group>"; };
		FD00ACCA1ED183F800DB11E3 /* Assets.xcassets */ = {isa = PBXFileReference; lastKnownFileType = folder.assetcatalog; path = Assets.xcassets; sourceTree = "<group>"; };
		FD00ACCD1ED183F800DB11E3 /* Base */ = {isa = PBXFileReference; lastKnownFileType = file.storyboard; name = Base; path = Base.lproj/LaunchScreen.storyboard; sourceTree = "<group>"; };
		FD00ACCF1ED183F800DB11E3 /* Info.plist */ = {isa = PBXFileReference; lastKnownFileType = text.plist.xml; path = Info.plist; sourceTree = "<group>"; };
		FD00ACD61ED1842700DB11E3 /* FirstTypeView.swift */ = {isa = PBXFileReference; fileEncoding = 4; lastKnownFileType = sourcecode.swift; path = FirstTypeView.swift; sourceTree = "<group>"; };
		FD00ACD81ED1843100DB11E3 /* FirstTypeView.xib */ = {isa = PBXFileReference; fileEncoding = 4; lastKnownFileType = file.xib; path = FirstTypeView.xib; sourceTree = "<group>"; };
		FD00ACDA1ED1EC3E00DB11E3 /* SecondTypeView.swift */ = {isa = PBXFileReference; fileEncoding = 4; lastKnownFileType = sourcecode.swift; path = SecondTypeView.swift; sourceTree = "<group>"; };
		FD00ACDC1ED1EC4700DB11E3 /* SecondTypeView.xib */ = {isa = PBXFileReference; fileEncoding = 4; lastKnownFileType = file.xib; path = SecondTypeView.xib; sourceTree = "<group>"; };
		FD00ACDE1ED1EC7B00DB11E3 /* BaseView.swift */ = {isa = PBXFileReference; fileEncoding = 4; lastKnownFileType = sourcecode.swift; path = BaseView.swift; sourceTree = "<group>"; };
		FD00ACE01ED1F0A800DB11E3 /* Nibloadable.swift */ = {isa = PBXFileReference; fileEncoding = 4; lastKnownFileType = sourcecode.swift; path = Nibloadable.swift; sourceTree = "<group>"; };
/* End PBXFileReference section */

/* Begin PBXFrameworksBuildPhase section */
		FD00ACBD1ED183F800DB11E3 /* Frameworks */ = {
			isa = PBXFrameworksBuildPhase;
			buildActionMask = 2147483647;
			files = (
			);
			runOnlyForDeploymentPostprocessing = 0;
		};
/* End PBXFrameworksBuildPhase section */

/* Begin PBXGroup section */
		FD00ACB71ED183F800DB11E3 = {
			isa = PBXGroup;
			children = (
				FD00ACC21ED183F800DB11E3 /* 面向协议开发 */,
				FD00ACC11ED183F800DB11E3 /* Products */,
			);
			sourceTree = "<group>";
		};
		FD00ACC11ED183F800DB11E3 /* Products */ = {
			isa = PBXGroup;
			children = (
				FD00ACC01ED183F800DB11E3 /* 面向协议开发.app */,
			);
			name = Products;
			sourceTree = "<group>";
		};
		FD00ACC21ED183F800DB11E3 /* 面向协议开发 */ = {
			isa = PBXGroup;
			children = (
				FD00ACC31ED183F800DB11E3 /* AppDelegate.swift */,
				FD00ACC51ED183F800DB11E3 /* ViewController.swift */,
				FD00ACD61ED1842700DB11E3 /* FirstTypeView.swift */,
				FD00ACD81ED1843100DB11E3 /* FirstTypeView.xib */,
				FD00ACDA1ED1EC3E00DB11E3 /* SecondTypeView.swift */,
				FD00ACDC1ED1EC4700DB11E3 /* SecondTypeView.xib */,
				FD00ACDE1ED1EC7B00DB11E3 /* BaseView.swift */,
				FD00ACE01ED1F0A800DB11E3 /* Nibloadable.swift */,
				FD00ACC71ED183F800DB11E3 /* Main.storyboard */,
				FD00ACCA1ED183F800DB11E3 /* Assets.xcassets */,
				FD00ACCC1ED183F800DB11E3 /* LaunchScreen.storyboard */,
				FD00ACCF1ED183F800DB11E3 /* Info.plist */,
			);
			path = "面向协议开发";
			sourceTree = "<group>";
		};
/* End PBXGroup section */

/* Begin PBXNativeTarget section */
		FD00ACBF1ED183F800DB11E3 /* 面向协议开发 */ = {
			isa = PBXNativeTarget;
			buildConfigurationList = FD00ACD21ED183F800DB11E3 /* Build configuration list for PBXNativeTarget "面向协议开发" */;
			buildPhases = (
				FD00ACBC1ED183F800DB11E3 /* Sources */,
				FD00ACBD1ED183F800DB11E3 /* Frameworks */,
				FD00ACBE1ED183F800DB11E3 /* Resources */,
			);
			buildRules = (
			);
			dependencies = (
			);
			name = "面向协议开发";
			productName = "面向协议开发";
			productReference = FD00ACC01ED183F800DB11E3 /* 面向协议开发.app */;
			productType = "com.apple.product-type.application";
		};
/* End PBXNativeTarget section */

/* Begin PBXProject section */
		FD00ACB81ED183F800DB11E3 /* Project object */ = {
			isa = PBXProject;
			attributes = {
				LastSwiftUpdateCheck = 0830;
				LastUpgradeCheck = 0830;
				ORGANIZATIONNAME = LXF;
				TargetAttributes = {
					FD00ACBF1ED183F800DB11E3 = {
						CreatedOnToolsVersion = 8.3.2;
						ProvisioningStyle = Automatic;
					};
				};
			};
			buildConfigurationList = FD00ACBB1ED183F800DB11E3 /* Build configuration list for PBXProject "面向协议开发" */;
			compatibilityVersion = "Xcode 3.2";
			developmentRegion = English;
			hasScannedForEncodings = 0;
			knownRegions = (
				en,
				Base,
			);
			mainGroup = FD00ACB71ED183F800DB11E3;
			productRefGroup = FD00ACC11ED183F800DB11E3 /* Products */;
			projectDirPath = "";
			projectRoot = "";
			targets = (
				FD00ACBF1ED183F800DB11E3 /* 面向协议开发 */,
			);
		};
/* End PBXProject section */

/* Begin PBXResourcesBuildPhase section */
		FD00ACBE1ED183F800DB11E3 /* Resources */ = {
			isa = PBXResourcesBuildPhase;
			buildActionMask = 2147483647;
			files = (
				FD00ACCE1ED183F800DB11E3 /* LaunchScreen.storyboard in Resources */,
				FD00ACCB1ED183F800DB11E3 /* Assets.xcassets in Resources */,
				FD00ACC91ED183F800DB11E3 /* Main.storyboard in Resources */,
				FD00ACD91ED1843100DB11E3 /* FirstTypeView.xib in Resources */,
				FD00ACDD1ED1EC4700DB11E3 /* SecondTypeView.xib in Resources */,
			);
			runOnlyForDeploymentPostprocessing = 0;
		};
/* End PBXResourcesBuildPhase section */

/* Begin PBXSourcesBuildPhase section */
		FD00ACBC1ED183F800DB11E3 /* Sources */ = {
			isa = PBXSourcesBuildPhase;
			buildActionMask = 2147483647;
			files = (
				FD00ACDB1ED1EC3E00DB11E3 /* SecondTypeView.swift in Sources */,
				FD00ACE11ED1F0A800DB11E3 /* Nibloadable.swift in Sources */,
				FD00ACC61ED183F800DB11E3 /* ViewController.swift in Sources */,
				FD00ACDF1ED1EC7B00DB11E3 /* BaseView.swift in Sources */,
				FD00ACD71ED1842700DB11E3 /* FirstTypeView.swift in Sources */,
				FD00ACC41ED183F800DB11E3 /* AppDelegate.swift in Sources */,
			);
			runOnlyForDeploymentPostprocessing = 0;
		};
/* End PBXSourcesBuildPhase section */

/* Begin PBXVariantGroup section */
		FD00ACC71ED183F800DB11E3 /* Main.storyboard */ = {
			isa = PBXVariantGroup;
			children = (
				FD00ACC81ED183F800DB11E3 /* Base */,
			);
			name = Main.storyboard;
			sourceTree = "<group>";
		};
		FD00ACCC1ED183F800DB11E3 /* LaunchScreen.storyboard */ = {
			isa = PBXVariantGroup;
			children = (
				FD00ACCD1ED183F800DB11E3 /* Base */,
			);
			name = LaunchScreen.storyboard;
			sourceTree = "<group>";
		};
/* End PBXVariantGroup section */

/* Begin XCBuildConfiguration section */
		FD00ACD01ED183F800DB11E3 /* Debug */ = {
			isa = XCBuildConfiguration;
			buildSettings = {
				ALWAYS_SEARCH_USER_PATHS = NO;
				CLANG_ANALYZER_NONNULL = YES;
				CLANG_ANALYZER_NUMBER_OBJECT_CONVERSION = YES_AGGRESSIVE;
				CLANG_CXX_LANGUAGE_STANDARD = "gnu++0x";
				CLANG_CXX_LIBRARY = "libc++";
				CLANG_ENABLE_MODULES = YES;
				CLANG_ENABLE_OBJC_ARC = YES;
				CLANG_WARN_BOOL_CONVERSION = YES;
				CLANG_WARN_CONSTANT_CONVERSION = YES;
				CLANG_WARN_DIRECT_OBJC_ISA_USAGE = YES_ERROR;
				CLANG_WARN_DOCUMENTATION_COMMENTS = YES;
				CLANG_WARN_EMPTY_BODY = YES;
				CLANG_WARN_ENUM_CONVERSION = YES;
				CLANG_WARN_INFINITE_RECURSION = YES;
				CLANG_WARN_INT_CONVERSION = YES;
				CLANG_WARN_OBJC_ROOT_CLASS = YES_ERROR;
				CLANG_WARN_SUSPICIOUS_MOVE = YES;
				CLANG_WARN_UNREACHABLE_CODE = YES;
				CLANG_WARN__DUPLICATE_METHOD_MATCH = YES;
				"CODE_SIGN_IDENTITY[sdk=iphoneos*]" = "iPhone Developer";
				COPY_PHASE_STRIP = NO;
				DEBUG_INFORMATION_FORMAT = dwarf;
				ENABLE_STRICT_OBJC_MSGSEND = YES;
				ENABLE_TESTABILITY = YES;
				GCC_C_LANGUAGE_STANDARD = gnu99;
				GCC_DYNAMIC_NO_PIC = NO;
				GCC_NO_COMMON_BLOCKS = YES;
				GCC_OPTIMIZATION_LEVEL = 0;
				GCC_PREPROCESSOR_DEFINITIONS = (
					"DEBUG=1",
					"$(inherited)",
				);
				GCC_WARN_64_TO_32_BIT_CONVERSION = YES;
				GCC_WARN_ABOUT_RETURN_TYPE = YES_ERROR;
				GCC_WARN_UNDECLARED_SELECTOR = YES;
				GCC_WARN_UNINITIALIZED_AUTOS = YES_AGGRESSIVE;
				GCC_WARN_UNUSED_FUNCTION = YES;
				GCC_WARN_UNUSED_VARIABLE = YES;
				IPHONEOS_DEPLOYMENT_TARGET = 10.3;
				MTL_ENABLE_DEBUG_INFO = YES;
				ONLY_ACTIVE_ARCH = YES;
				SDKROOT = iphoneos;
				SWIFT_ACTIVE_COMPILATION_CONDITIONS = DEBUG;
				SWIFT_OPTIMIZATION_LEVEL = "-Onone";
			};
			name = Debug;
		};
		FD00ACD11ED183F800DB11E3 /* Release */ = {
			isa = XCBuildConfiguration;
			buildSettings = {
				ALWAYS_SEARCH_USER_PATHS = NO;
				CLANG_ANALYZER_NONNULL = YES;
				CLANG_ANALYZER_NUMBER_OBJECT_CONVERSION = YES_AGGRESSIVE;
				CLANG_CXX_LANGUAGE_STANDARD = "gnu++0x";
				CLANG_CXX_LIBRARY = "libc++";
				CLANG_ENABLE_MODULES = YES;
				CLANG_ENABLE_OBJC_ARC = YES;
				CLANG_WARN_BOOL_CONVERSION = YES;
				CLANG_WARN_CONSTANT_CONVERSION = YES;
				CLANG_WARN_DIRECT_OBJC_ISA_USAGE = YES_ERROR;
				CLANG_WARN_DOCUMENTATION_COMMENTS = YES;
				CLANG_WARN_EMPTY_BODY = YES;
				CLANG_WARN_ENUM_CONVERSION = YES;
				CLANG_WARN_INFINITE_RECURSION = YES;
				CLANG_WARN_INT_CONVERSION = YES;
				CLANG_WARN_OBJC_ROOT_CLASS = YES_ERROR;
				CLANG_WARN_SUSPICIOUS_MOVE = YES;
				CLANG_WARN_UNREACHABLE_CODE = YES;
				CLANG_WARN__DUPLICATE_METHOD_MATCH = YES;
				"CODE_SIGN_IDENTITY[sdk=iphoneos*]" = "iPhone Developer";
				COPY_PHASE_STRIP = NO;
				DEBUG_INFORMATION_FORMAT = "dwarf-with-dsym";
				ENABLE_NS_ASSERTIONS = NO;
				ENABLE_STRICT_OBJC_MSGSEND = YES;
				GCC_C_LANGUAGE_STANDARD = gnu99;
				GCC_NO_COMMON_BLOCKS = YES;
				GCC_WARN_64_TO_32_BIT_CONVERSION = YES;
				GCC_WARN_ABOUT_RETURN_TYPE = YES_ERROR;
				GCC_WARN_UNDECLARED_SELECTOR = YES;
				GCC_WARN_UNINITIALIZED_AUTOS = YES_AGGRESSIVE;
				GCC_WARN_UNUSED_FUNCTION = YES;
				GCC_WARN_UNUSED_VARIABLE = YES;
				IPHONEOS_DEPLOYMENT_TARGET = 10.3;
				MTL_ENABLE_DEBUG_INFO = NO;
				SDKROOT = iphoneos;
				SWIFT_OPTIMIZATION_LEVEL = "-Owholemodule";
				VALIDATE_PRODUCT = YES;
			};
			name = Release;
		};
		FD00ACD31ED183F800DB11E3 /* Debug */ = {
			isa = XCBuildConfiguration;
			buildSettings = {
				ASSETCATALOG_COMPILER_APPICON_NAME = AppIcon;
				INFOPLIST_FILE = "面向协议开发/Info.plist";
				LD_RUNPATH_SEARCH_PATHS = "$(inherited) @executable_path/Frameworks";
				PRODUCT_BUNDLE_IDENTIFIER = "com.LXF.------";
				PRODUCT_NAME = "$(TARGET_NAME)";
				SWIFT_VERSION = 3.0;
			};
			name = Debug;
		};
		FD00ACD41ED183F800DB11E3 /* Release */ = {
			isa = XCBuildConfiguration;
			buildSettings = {
				ASSETCATALOG_COMPILER_APPICON_NAME = AppIcon;
				INFOPLIST_FILE = "面向协议开发/Info.plist";
				LD_RUNPATH_SEARCH_PATHS = "$(inherited) @executable_path/Frameworks";
				PRODUCT_BUNDLE_IDENTIFIER = "com.LXF.------";
				PRODUCT_NAME = "$(TARGET_NAME)";
				SWIFT_VERSION = 3.0;
			};
			name = Release;
		};
/* End XCBuildConfiguration section */

/* Begin XCConfigurationList section */
		FD00ACBB1ED183F800DB11E3 /* Build configuration list for PBXProject "面向协议开发" */ = {
			isa = XCConfigurationList;
			buildConfigurations = (
				FD00ACD01ED183F800DB11E3 /* Debug */,
				FD00ACD11ED183F800DB11E3 /* Release */,
			);
			defaultConfigurationIsVisible = 0;
			defaultConfigurationName = Release;
		};
		FD00ACD21ED183F800DB11E3 /* Build configuration list for PBXNativeTarget "面向协议开发" */ = {
			isa = XCConfigurationList;
			buildConfigurations = (
				FD00ACD31ED183F800DB11E3 /* Debug */,
				FD00ACD41ED183F800DB11E3 /* Release */,
			);
			defaultConfigurationIsVisible = 0;
		};
/* End XCConfigurationList section */
	};
	rootObject = FD00ACB81ED183F800DB11E3 /* Project object */;
}
